{
  "name": "vesuvius",
  "lockfileVersion": 3,
  "requires": true,
  "packages": {
    "": {
      "dependencies": {
        "@airstack/airstack-react": "^0.5.3",
        "@airstack/node": "^0.0.5"
      }
    },
    "node_modules/@airstack/airstack-react": {
      "version": "0.5.3",
      "resolved": "https://registry.npmjs.org/@airstack/airstack-react/-/airstack-react-0.5.3.tgz",
      "integrity": "sha512-ezwe5YcQ52uYlQrU2CgVxtQLrjG1GYtx81NU8Dk/7W6S7f/lJNA7JSuGszhXut/NUyM0lP00Zq7OF/rOY7tzLg==",
      "dependencies": {
        "graphql": "16.6.0"
      },
      "peerDependencies": {
        "react": "^16.8.0 || ^17.0.0 || ^18.0.0",
        "react-dom": "^16.8.0 || ^17.0.0 || ^18.0.0"
      }
    },
    "node_modules/@airstack/node": {
      "version": "0.0.5",
      "resolved": "https://registry.npmjs.org/@airstack/node/-/node-0.0.5.tgz",
      "integrity": "sha512-bvRE2AaIxLPB4oX3VJe8lA1kXVGNuYt9T9KJngOxxx+6E7zxne5FDMjB//ngTvxm+UqCmAF3rkoVJXx/HN0ExQ==",
      "dependencies": {
        "@types/node": "14.14.30",
        "graphql": "16.7.1"
      },
      "engines": {
        "node": ">=14.17.0"
      }
    },
    "node_modules/@airstack/node/node_modules/graphql": {
      "version": "16.7.1",
      "resolved": "https://registry.npmjs.org/graphql/-/graphql-16.7.1.tgz",
      "integrity": "sha512-DRYR9tf+UGU0KOsMcKAlXeFfX89UiiIZ0dRU3mR0yJfu6OjZqUcp68NnFLnqQU5RexygFoDy1EW+ccOYcPfmHg==",
      "engines": {
        "node": "^12.22.0 || ^14.16.0 || ^16.0.0 || >=17.0.0"
      }
    },
    "node_modules/@types/node": {
      "version": "14.14.30",
      "resolved": "https://registry.npmjs.org/@types/node/-/node-14.14.30.tgz",
      "integrity": "sha512-gUWhy8s45fQp4PqqKecsnOkdW0kt1IaKjgOIR3HPokkzTmQj9ji2wWFID5THu1MKrtO+d4s2lVrlEhXUsPXSvg=="
    },
    "node_modules/graphql": {
      "version": "16.6.0",
      "resolved": "https://registry.npmjs.org/graphql/-/graphql-16.6.0.tgz",
      "integrity": "sha512-KPIBPDlW7NxrbT/eh4qPXz5FiFdL5UbaA0XUNz2Rp3Z3hqBSkbj0GVjwFDztsWVauZUWsbKHgMg++sk8UX0bkw==",
      "engines": {
        "node": "^12.22.0 || ^14.16.0 || ^16.0.0 || >=17.0.0"
      }
    },
    "node_modules/js-tokens": {
      "version": "4.0.0",
      "resolved": "https://registry.npmjs.org/js-tokens/-/js-tokens-4.0.0.tgz",
      "integrity": "sha512-RdJUflcE3cUzKiMqQgsCu06FPu9UdIJO0beYbPhHN4k6apgJtifcoCtT9bcxOpYBtpD2kCM6Sbzg4CausW/PKQ==",
      "peer": true
    },
    "node_modules/loose-envify": {
      "version": "1.4.0",
      "resolved": "https://registry.npmjs.org/loose-envify/-/loose-envify-1.4.0.tgz",
      "integrity": "sha512-lyuxPGr/Wfhrlem2CL/UcnUc1zcqKAImBDzukY7Y5F/yQiNdko6+fRLevlw1HgMySw7f611UIY408EtxRSoK3Q==",
      "peer": true,
      "dependencies": {
        "js-tokens": "^3.0.0 || ^4.0.0"
      },
      "bin": {
        "loose-envify": "cli.js"
      }
    },
    "node_modules/react": {
      "version": "18.2.0",
      "resolved": "https://registry.npmjs.org/react/-/react-18.2.0.tgz",
      "integrity": "sha512-/3IjMdb2L9QbBdWiW5e3P2/npwMBaU9mHCSCUzNln0ZCYbcfTsGbTJrU/kGemdH2IWmB2ioZ+zkxtmq6g09fGQ==",
      "peer": true,
      "dependencies": {
        "loose-envify": "^1.1.0"
      },
      "engines": {
        "node": ">=0.10.0"
      }
    },
    "node_modules/react-dom": {
      "version": "18.2.0",
      "resolved": "https://registry.npmjs.org/react-dom/-/react-dom-18.2.0.tgz",
      "integrity": "sha512-6IMTriUmvsjHUjNtEDudZfuDQUoWXVxKHhlEGSk81n4YFS+r/Kl99wXiwlVXtPBtJenozv2P+hxDsw9eA7Xo6g==",
      "peer": true,
      "dependencies": {
        "loose-envify": "^1.1.0",
        "scheduler": "^0.23.0"
      },
      "peerDependencies": {
        "react": "^18.2.0"
      }
    },
    "node_modules/scheduler": {
      "version": "0.23.0",
      "resolved": "https://registry.npmjs.org/scheduler/-/scheduler-0.23.0.tgz",
      "integrity": "sha512-CtuThmgHNg7zIZWAXi3AsyIzA3n4xx7aNyjwC2VJldO2LMVDhFK+63xGqq6CsJH4rTAt6/M+N4GhZiDYPx9eUw==",
      "peer": true,
      "dependencies": {
        "loose-envify": "^1.1.0"
      }
    }
  }
}
